
Microsoft Visual Studio Solution File, Format Version 12.00
# Visual Studio Version 17
VisualStudioVersion = 17.0.31903.59
MinimumVisualStudioVersion = 10.0.40219.1
Project("{2150E333-8FDC-42A3-9474-1A3956D46DE8}") = "src", "src", "{827E0CD3-B72D-47B6-A68D-7590B98EB39B}"
EndProject
Project("{FAE04EC0-301F-11D3-BF4B-00C04F79EFBC}") = "NawiriAI.Abstractions", "src\NawiriAI.Abstractions\NawiriAI.Abstractions.csproj", "{A4311B9C-A263-449D-91C6-24E811D1EA41}"
EndProject
Project("{FAE04EC0-301F-11D3-BF4B-00C04F79EFBC}") = "NawiriAI.Core", "src\NawiriAI.Core\NawiriAI.Core.csproj", "{03AE3812-A8DF-42B0-8166-B92D44458A23}"
EndProject
Project("{FAE04EC0-301F-11D3-BF4B-00C04F79EFBC}") = "NawiriAI.Core.Tests", "tests\NawiriAI.Core.Tests\NawiriAI.Core.Tests.csproj", "{80AA1D91-0FD8-4812-B0B3-179D8BA015D3}"
EndProject
Project("{FAE04EC0-301F-11D3-BF4B-00C04F79EFBC}") = "NawiriAI.Security.Tests", "tests\NawiriAI.Security.Tests\NawiriAI.Security.Tests.csproj", "{51F21425-6FDA-4FF5-BE01-6298C736E205}"
EndProject
Project("{2150E333-8FDC-42A3-9474-1A3956D46DE8}") = "tests", "tests", "{0AB3BF05-4346-4AA6-1389-037BE0695223}"
EndProject
Project("{FAE04EC0-301F-11D3-BF4B-00C04F79EFBC}") = "NawiriAI.Providers.OpenAI", "src\NawiriAI.Providers.OpenAI\NawiriAI.Providers.OpenAI.csproj", "{D9DB35E8-8A9E-4680-918E-8E55456D2377}"
EndProject
Project("{FAE04EC0-301F-11D3-BF4B-00C04F79EFBC}") = "NawiriAI.Provider.Tests", "tests\NawiriAI.Provider.Tests\NawiriAI.Provider.Tests.csproj", "{F7972984-0B6A-4FF5-9DA9-2909374D4E78}"
EndProject
Project("{FAE04EC0-301F-11D3-BF4B-00C04F79EFBC}") = "NawiriAI.Providers.HuggingFace", "src\NawiriAI.Providers.HuggingFace\NawiriAI.Providers.HuggingFace.csproj", "{847AF568-39C4-4C15-BD45-05DE4E1604AC}"
EndProject
Project("{FAE04EC0-301F-11D3-BF4B-00C04F79EFBC}") = "NawiriAI.Providers.Gemini", "src\NawiriAI.Providers.Gemini\NawiriAI.Providers.Gemini.csproj", "{2655490A-CCB6-4F61-852E-34EF8146CDBE}"
EndProject
Project("{FAE04EC0-301F-11D3-BF4B-00C04F79EFBC}") = "NawiriAI.Providers.Common", "src\NawiriAI.Providers.Common\NawiriAI.Providers.Common.csproj", "{B35192E3-77DA-41EE-9198-2EF639E01FE7}"
EndProject
Project("{FAE04EC0-301F-11D3-BF4B-00C04F79EFBC}") = "NawiriAI.Api.Tests", "tests\NawiriAI.Api.Tests\NawiriAI.Api.Tests.csproj", "{30C03114-63C5-47F7-B70B-95B7C78DFB7F}"
EndProject
Project("{FAE04EC0-301F-11D3-BF4B-00C04F79EFBC}") = "NawiriAI.Connectors", "src\NawiriAI.Connectors\NawiriAI.Connectors.csproj", "{2B6DF18F-6A38-452F-AD0A-9CE1EE8BFDF0}"
EndProject
Project("{FAE04EC0-301F-11D3-BF4B-00C04F79EFBC}") = "NawiriAI.Analytics.Tests", "tests\NawiriAI.Analytics.Tests\NawiriAI.Analytics.Tests.csproj", "{836FBBBB-3F5F-4020-8A00-1BB8D4AE30E8}"
EndProject
Project("{FAE04EC0-301F-11D3-BF4B-00C04F79EFBC}") = "NawiriAI.Analytics", "src\NawiriAI.Analytics\NawiriAI.Analytics.csproj", "{A1CF4D6E-CAEB-4499-BDB6-549AB16AB7D6}"
EndProject
Project("{FAE04EC0-301F-11D3-BF4B-00C04F79EFBC}") = "NawiriAI.Api", "src\NawiriAI.Api\NawiriAI.Api.csproj", "{E48783E5-9F5E-4E27-B670-29A2364CEC01}"
EndProject
Project("{2150E333-8FDC-42A3-9474-1A3956D46DE8}") = "samples", "samples", "{5D20AA90-6969-D8BD-9DCD-8634F4692FDA}"
EndProject
Project("{FAE04EC0-301F-11D3-BF4B-00C04F79EFBC}") = "NawiriAI.SampleBusiness", "samples\NawiriAI.SampleBusiness\NawiriAI.SampleBusiness.csproj", "{8E7F0EFC-47AE-48AF-9831-249FAD11D468}"
EndProject
Global
	GlobalSection(SolutionConfigurationPlatforms) = preSolution
		Debug|Any CPU = Debug|Any CPU
		Debug|x64 = Debug|x64
		Debug|x86 = Debug|x86
		Release|Any CPU = Release|Any CPU
		Release|x64 = Release|x64
		Release|x86 = Release|x86
	EndGlobalSection
	GlobalSection(ProjectConfigurationPlatforms) = postSolution
		{A4311B9C-A263-449D-91C6-24E811D1EA41}.Debug|Any CPU.ActiveCfg = Debug|Any CPU
		{A4311B9C-A263-449D-91C6-24E811D1EA41}.Debug|Any CPU.Build.0 = Debug|Any CPU
		{A4311B9C-A263-449D-91C6-24E811D1EA41}.Debug|x64.ActiveCfg = Debug|Any CPU
		{A4311B9C-A263-449D-91C6-24E811D1EA41}.Debug|x64.Build.0 = Debug|Any CPU
		{A4311B9C-A263-449D-91C6-24E811D1EA41}.Debug|x86.ActiveCfg = Debug|Any CPU
		{A4311B9C-A263-449D-91C6-24E811D1EA41}.Debug|x86.Build.0 = Debug|Any CPU
		{A4311B9C-A263-449D-91C6-24E811D1EA41}.Release|Any CPU.ActiveCfg = Release|Any CPU
		{A4311B9C-A263-449D-91C6-24E811D1EA41}.Release|Any CPU.Build.0 = Release|Any CPU
		{A4311B9C-A263-449D-91C6-24E811D1EA41}.Release|x64.ActiveCfg = Release|Any CPU
		{A4311B9C-A263-449D-91C6-24E811D1EA41}.Release|x64.Build.0 = Release|Any CPU
		{A4311B9C-A263-449D-91C6-24E811D1EA41}.Release|x86.ActiveCfg = Release|Any CPU
		{A4311B9C-A263-449D-91C6-24E811D1EA41}.Release|x86.Build.0 = Release|Any CPU
		{03AE3812-A8DF-42B0-8166-B92D44458A23}.Debug|Any CPU.ActiveCfg = Debug|Any CPU
		{03AE3812-A8DF-42B0-8166-B92D44458A23}.Debug|Any CPU.Build.0 = Debug|Any CPU
		{03AE3812-A8DF-42B0-8166-B92D44458A23}.Debug|x64.ActiveCfg = Debug|Any CPU
		{03AE3812-A8DF-42B0-8166-B92D44458A23}.Debug|x64.Build.0 = Debug|Any CPU
		{03AE3812-A8DF-42B0-8166-B92D44458A23}.Debug|x86.ActiveCfg = Debug|Any CPU
		{03AE3812-A8DF-42B0-8166-B92D44458A23}.Debug|x86.Build.0 = Debug|Any CPU
		{03AE3812-A8DF-42B0-8166-B92D44458A23}.Release|Any CPU.ActiveCfg = Release|Any CPU
		{03AE3812-A8DF-42B0-8166-B92D44458A23}.Release|Any CPU.Build.0 = Release|Any CPU
		{03AE3812-A8DF-42B0-8166-B92D44458A23}.Release|x64.ActiveCfg = Release|Any CPU
		{03AE3812-A8DF-42B0-8166-B92D44458A23}.Release|x64.Build.0 = Release|Any CPU
		{03AE3812-A8DF-42B0-8166-B92D44458A23}.Release|x86.ActiveCfg = Release|Any CPU
		{03AE3812-A8DF-42B0-8166-B92D44458A23}.Release|x86.Build.0 = Release|Any CPU
		{80AA1D91-0FD8-4812-B0B3-179D8BA015D3}.Debug|Any CPU.ActiveCfg = Debug|Any CPU
		{80AA1D91-0FD8-4812-B0B3-179D8BA015D3}.Debug|Any CPU.Build.0 = Debug|Any CPU
		{80AA1D91-0FD8-4812-B0B3-179D8BA015D3}.Debug|x64.ActiveCfg = Debug|Any CPU
		{80AA1D91-0FD8-4812-B0B3-179D8BA015D3}.Debug|x64.Build.0 = Debug|Any CPU
		{80AA1D91-0FD8-4812-B0B3-179D8BA015D3}.Debug|x86.ActiveCfg = Debug|Any CPU
		{80AA1D91-0FD8-4812-B0B3-179D8BA015D3}.Debug|x86.Build.0 = Debug|Any CPU
		{80AA1D91-0FD8-4812-B0B3-179D8BA015D3}.Release|Any CPU.ActiveCfg = Release|Any CPU
		{80AA1D91-0FD8-4812-B0B3-179D8BA015D3}.Release|Any CPU.Build.0 = Release|Any CPU
		{80AA1D91-0FD8-4812-B0B3-179D8BA015D3}.Release|x64.ActiveCfg = Release|Any CPU
		{80AA1D91-0FD8-4812-B0B3-179D8BA015D3}.Release|x64.Build.0 = Release|Any CPU
		{80AA1D91-0FD8-4812-B0B3-179D8BA015D3}.Release|x86.ActiveCfg = Release|Any CPU
		{80AA1D91-0FD8-4812-B0B3-179D8BA015D3}.Release|x86.Build.0 = Release|Any CPU
		{51F21425-6FDA-4FF5-BE01-6298C736E205}.Debug|Any CPU.ActiveCfg = Debug|Any CPU
		{51F21425-6FDA-4FF5-BE01-6298C736E205}.Debug|Any CPU.Build.0 = Debug|Any CPU
		{51F21425-6FDA-4FF5-BE01-6298C736E205}.Debug|x64.ActiveCfg = Debug|Any CPU
		{51F21425-6FDA-4FF5-BE01-6298C736E205}.Debug|x64.Build.0 = Debug|Any CPU
		{51F21425-6FDA-4FF5-BE01-6298C736E205}.Debug|x86.ActiveCfg = Debug|Any CPU
		{51F21425-6FDA-4FF5-BE01-6298C736E205}.Debug|x86.Build.0 = Debug|Any CPU
		{51F21425-6FDA-4FF5-BE01-6298C736E205}.Release|Any CPU.ActiveCfg = Release|Any CPU
		{51F21425-6FDA-4FF5-BE01-6298C736E205}.Release|Any CPU.Build.0 = Release|Any CPU
		{51F21425-6FDA-4FF5-BE01-6298C736E205}.Release|x64.ActiveCfg = Release|Any CPU
		{51F21425-6FDA-4FF5-BE01-6298C736E205}.Release|x64.Build.0 = Release|Any CPU
		{51F21425-6FDA-4FF5-BE01-6298C736E205}.Release|x86.ActiveCfg = Release|Any CPU
		{51F21425-6FDA-4FF5-BE01-6298C736E205}.Release|x86.Build.0 = Release|Any CPU
		{D9DB35E8-8A9E-4680-918E-8E55456D2377}.Debug|Any CPU.ActiveCfg = Debug|Any CPU
		{D9DB35E8-8A9E-4680-918E-8E55456D2377}.Debug|Any CPU.Build.0 = Debug|Any CPU
		{D9DB35E8-8A9E-4680-918E-8E55456D2377}.Debug|x64.ActiveCfg = Debug|Any CPU
		{D9DB35E8-8A9E-4680-918E-8E55456D2377}.Debug|x64.Build.0 = Debug|Any CPU
		{D9DB35E8-8A9E-4680-918E-8E55456D2377}.Debug|x86.ActiveCfg = Debug|Any CPU
		{D9DB35E8-8A9E-4680-918E-8E55456D2377}.Debug|x86.Build.0 = Debug|Any CPU
		{D9DB35E8-8A9E-4680-918E-8E55456D2377}.Release|Any CPU.ActiveCfg = Release|Any CPU
		{D9DB35E8-8A9E-4680-918E-8E55456D2377}.Release|Any CPU.Build.0 = Release|Any CPU
		{D9DB35E8-8A9E-4680-918E-8E55456D2377}.Release|x64.ActiveCfg = Release|Any CPU
		{D9DB35E8-8A9E-4680-918E-8E55456D2377}.Release|x64.Build.0 = Release|Any CPU
		{D9DB35E8-8A9E-4680-918E-8E55456D2377}.Release|x86.ActiveCfg = Release|Any CPU
		{D9DB35E8-8A9E-4680-918E-8E55456D2377}.Release|x86.Build.0 = Release|Any CPU
		{F7972984-0B6A-4FF5-9DA9-2909374D4E78}.Debug|Any CPU.ActiveCfg = Debug|Any CPU
		{F7972984-0B6A-4FF5-9DA9-2909374D4E78}.Debug|Any CPU.Build.0 = Debug|Any CPU
		{F7972984-0B6A-4FF5-9DA9-2909374D4E78}.Debug|x64.ActiveCfg = Debug|Any CPU
		{F7972984-0B6A-4FF5-9DA9-2909374D4E78}.Debug|x64.Build.0 = Debug|Any CPU
		{F7972984-0B6A-4FF5-9DA9-2909374D4E78}.Debug|x86.ActiveCfg = Debug|Any CPU
		{F7972984-0B6A-4FF5-9DA9-2909374D4E78}.Debug|x86.Build.0 = Debug|Any CPU
		{F7972984-0B6A-4FF5-9DA9-2909374D4E78}.Release|Any CPU.ActiveCfg = Release|Any CPU
		{F7972984-0B6A-4FF5-9DA9-2909374D4E78}.Release|Any CPU.Build.0 = Release|Any CPU
		{F7972984-0B6A-4FF5-9DA9-2909374D4E78}.Release|x64.ActiveCfg = Release|Any CPU
		{F7972984-0B6A-4FF5-9DA9-2909374D4E78}.Release|x64.Build.0 = Release|Any CPU
		{F7972984-0B6A-4FF5-9DA9-2909374D4E78}.Release|x86.ActiveCfg = Release|Any CPU
		{F7972984-0B6A-4FF5-9DA9-2909374D4E78}.Release|x86.Build.0 = Release|Any CPU
		{847AF568-39C4-4C15-BD45-05DE4E1604AC}.Debug|Any CPU.ActiveCfg = Debug|Any CPU
		{847AF568-39C4-4C15-BD45-05DE4E1604AC}.Debug|Any CPU.Build.0 = Debug|Any CPU
		{847AF568-39C4-4C15-BD45-05DE4E1604AC}.Debug|x64.ActiveCfg = Debug|Any CPU
		{847AF568-39C4-4C15-BD45-05DE4E1604AC}.Debug|x64.Build.0 = Debug|Any CPU
		{847AF568-39C4-4C15-BD45-05DE4E1604AC}.Debug|x86.ActiveCfg = Debug|Any CPU
		{847AF568-39C4-4C15-BD45-05DE4E1604AC}.Debug|x86.Build.0 = Debug|Any CPU
		{847AF568-39C4-4C15-BD45-05DE4E1604AC}.Release|Any CPU.ActiveCfg = Release|Any CPU
		{847AF568-39C4-4C15-BD45-05DE4E1604AC}.Release|Any CPU.Build.0 = Release|Any CPU
		{847AF568-39C4-4C15-BD45-05DE4E1604AC}.Release|x64.ActiveCfg = Release|Any CPU
		{847AF568-39C4-4C15-BD45-05DE4E1604AC}.Release|x64.Build.0 = Release|Any CPU
		{847AF568-39C4-4C15-BD45-05DE4E1604AC}.Release|x86.ActiveCfg = Release|Any CPU
		{847AF568-39C4-4C15-BD45-05DE4E1604AC}.Release|x86.Build.0 = Release|Any CPU
		{2655490A-CCB6-4F61-852E-34EF8146CDBE}.Debug|Any CPU.ActiveCfg = Debug|Any CPU
		{2655490A-CCB6-4F61-852E-34EF8146CDBE}.Debug|Any CPU.Build.0 = Debug|Any CPU
		{2655490A-CCB6-4F61-852E-34EF8146CDBE}.Debug|x64.ActiveCfg = Debug|Any CPU
		{2655490A-CCB6-4F61-852E-34EF8146CDBE}.Debug|x64.Build.0 = Debug|Any CPU
		{2655490A-CCB6-4F61-852E-34EF8146CDBE}.Debug|x86.ActiveCfg = Debug|Any CPU
		{2655490A-CCB6-4F61-852E-34EF8146CDBE}.Debug|x86.Build.0 = Debug|Any CPU
		{2655490A-CCB6-4F61-852E-34EF8146CDBE}.Release|Any CPU.ActiveCfg = Release|Any CPU
		{2655490A-CCB6-4F61-852E-34EF8146CDBE}.Release|Any CPU.Build.0 = Release|Any CPU
		{2655490A-CCB6-4F61-852E-34EF8146CDBE}.Release|x64.ActiveCfg = Release|Any CPU
		{2655490A-CCB6-4F61-852E-34EF8146CDBE}.Release|x64.Build.0 = Release|Any CPU
		{2655490A-CCB6-4F61-852E-34EF8146CDBE}.Release|x86.ActiveCfg = Release|Any CPU
		{2655490A-CCB6-4F61-852E-34EF8146CDBE}.Release|x86.Build.0 = Release|Any CPU
		{B35192E3-77DA-41EE-9198-2EF639E01FE7}.Debug|Any CPU.ActiveCfg = Debug|Any CPU
		{B35192E3-77DA-41EE-9198-2EF639E01FE7}.Debug|Any CPU.Build.0 = Debug|Any CPU
		{B35192E3-77DA-41EE-9198-2EF639E01FE7}.Debug|x64.ActiveCfg = Debug|Any CPU
		{B35192E3-77DA-41EE-9198-2EF639E01FE7}.Debug|x64.Build.0 = Debug|Any CPU
		{B35192E3-77DA-41EE-9198-2EF639E01FE7}.Debug|x86.ActiveCfg = Debug|Any CPU
		{B35192E3-77DA-41EE-9198-2EF639E01FE7}.Debug|x86.Build.0 = Debug|Any CPU
		{B35192E3-77DA-41EE-9198-2EF639E01FE7}.Release|Any CPU.ActiveCfg = Release|Any CPU
		{B35192E3-77DA-41EE-9198-2EF639E01FE7}.Release|Any CPU.Build.0 = Release|Any CPU
		{B35192E3-77DA-41EE-9198-2EF639E01FE7}.Release|x64.ActiveCfg = Release|Any CPU
		{B35192E3-77DA-41EE-9198-2EF639E01FE7}.Release|x64.Build.0 = Release|Any CPU
		{B35192E3-77DA-41EE-9198-2EF639E01FE7}.Release|x86.ActiveCfg = Release|Any CPU
		{B35192E3-77DA-41EE-9198-2EF639E01FE7}.Release|x86.Build.0 = Release|Any CPU
		{30C03114-63C5-47F7-B70B-95B7C78DFB7F}.Debug|Any CPU.ActiveCfg = Debug|Any CPU
		{30C03114-63C5-47F7-B70B-95B7C78DFB7F}.Debug|Any CPU.Build.0 = Debug|Any CPU
		{30C03114-63C5-47F7-B70B-95B7C78DFB7F}.Debug|x64.ActiveCfg = Debug|Any CPU
		{30C03114-63C5-47F7-B70B-95B7C78DFB7F}.Debug|x64.Build.0 = Debug|Any CPU
		{30C03114-63C5-47F7-B70B-95B7C78DFB7F}.Debug|x86.ActiveCfg = Debug|Any CPU
		{30C03114-63C5-47F7-B70B-95B7C78DFB7F}.Debug|x86.Build.0 = Debug|Any CPU
		{30C03114-63C5-47F7-B70B-95B7C78DFB7F}.Release|Any CPU.ActiveCfg = Release|Any CPU
		{30C03114-63C5-47F7-B70B-95B7C78DFB7F}.Release|Any CPU.Build.0 = Release|Any CPU
		{30C03114-63C5-47F7-B70B-95B7C78DFB7F}.Release|x64.ActiveCfg = Release|Any CPU
		{30C03114-63C5-47F7-B70B-95B7C78DFB7F}.Release|x64.Build.0 = Release|Any CPU
		{30C03114-63C5-47F7-B70B-95B7C78DFB7F}.Release|x86.ActiveCfg = Release|Any CPU
		{30C03114-63C5-47F7-B70B-95B7C78DFB7F}.Release|x86.Build.0 = Release|Any CPU
		{2B6DF18F-6A38-452F-AD0A-9CE1EE8BFDF0}.Debug|Any CPU.ActiveCfg = Debug|Any CPU
		{2B6DF18F-6A38-452F-AD0A-9CE1EE8BFDF0}.Debug|Any CPU.Build.0 = Debug|Any CPU
		{2B6DF18F-6A38-452F-AD0A-9CE1EE8BFDF0}.Debug|x64.ActiveCfg = Debug|Any CPU
		{2B6DF18F-6A38-452F-AD0A-9CE1EE8BFDF0}.Debug|x64.Build.0 = Debug|Any CPU
		{2B6DF18F-6A38-452F-AD0A-9CE1EE8BFDF0}.Debug|x86.ActiveCfg = Debug|Any CPU
		{2B6DF18F-6A38-452F-AD0A-9CE1EE8BFDF0}.Debug|x86.Build.0 = Debug|Any CPU
		{2B6DF18F-6A38-452F-AD0A-9CE1EE8BFDF0}.Release|Any CPU.ActiveCfg = Release|Any CPU
		{2B6DF18F-6A38-452F-AD0A-9CE1EE8BFDF0}.Release|Any CPU.Build.0 = Release|Any CPU
		{2B6DF18F-6A38-452F-AD0A-9CE1EE8BFDF0}.Release|x64.ActiveCfg = Release|Any CPU
		{2B6DF18F-6A38-452F-AD0A-9CE1EE8BFDF0}.Release|x64.Build.0 = Release|Any CPU
		{2B6DF18F-6A38-452F-AD0A-9CE1EE8BFDF0}.Release|x86.ActiveCfg = Release|Any CPU
		{2B6DF18F-6A38-452F-AD0A-9CE1EE8BFDF0}.Release|x86.Build.0 = Release|Any CPU
		{836FBBBB-3F5F-4020-8A00-1BB8D4AE30E8}.Debug|Any CPU.ActiveCfg = Debug|Any CPU
		{836FBBBB-3F5F-4020-8A00-1BB8D4AE30E8}.Debug|Any CPU.Build.0 = Debug|Any CPU
		{836FBBBB-3F5F-4020-8A00-1BB8D4AE30E8}.Debug|x64.ActiveCfg = Debug|Any CPU
		{836FBBBB-3F5F-4020-8A00-1BB8D4AE30E8}.Debug|x64.Build.0 = Debug|Any CPU
		{836FBBBB-3F5F-4020-8A00-1BB8D4AE30E8}.Debug|x86.ActiveCfg = Debug|Any CPU
		{836FBBBB-3F5F-4020-8A00-1BB8D4AE30E8}.Debug|x86.Build.0 = Debug|Any CPU
		{836FBBBB-3F5F-4020-8A00-1BB8D4AE30E8}.Release|Any CPU.ActiveCfg = Release|Any CPU
		{836FBBBB-3F5F-4020-8A00-1BB8D4AE30E8}.Release|Any CPU.Build.0 = Release|Any CPU
		{836FBBBB-3F5F-4020-8A00-1BB8D4AE30E8}.Release|x64.ActiveCfg = Release|Any CPU
		{836FBBBB-3F5F-4020-8A00-1BB8D4AE30E8}.Release|x64.Build.0 = Release|Any CPU
		{836FBBBB-3F5F-4020-8A00-1BB8D4AE30E8}.Release|x86.ActiveCfg = Release|Any CPU
		{836FBBBB-3F5F-4020-8A00-1BB8D4AE30E8}.Release|x86.Build.0 = Release|Any CPU
		{A1CF4D6E-CAEB-4499-BDB6-549AB16AB7D6}.Debug|Any CPU.ActiveCfg = Debug|Any CPU
		{A1CF4D6E-CAEB-4499-BDB6-549AB16AB7D6}.Debug|Any CPU.Build.0 = Debug|Any CPU
		{A1CF4D6E-CAEB-4499-BDB6-549AB16AB7D6}.Debug|x64.ActiveCfg = Debug|Any CPU
		{A1CF4D6E-CAEB-4499-BDB6-549AB16AB7D6}.Debug|x64.Build.0 = Debug|Any CPU
		{A1CF4D6E-CAEB-4499-BDB6-549AB16AB7D6}.Debug|x86.ActiveCfg = Debug|Any CPU
		{A1CF4D6E-CAEB-4499-BDB6-549AB16AB7D6}.Debug|x86.Build.0 = Debug|Any CPU
		{A1CF4D6E-CAEB-4499-BDB6-549AB16AB7D6}.Release|Any CPU.ActiveCfg = Release|Any CPU
		{A1CF4D6E-CAEB-4499-BDB6-549AB16AB7D6}.Release|Any CPU.Build.0 = Release|Any CPU
		{A1CF4D6E-CAEB-4499-BDB6-549AB16AB7D6}.Release|x64.ActiveCfg = Release|Any CPU
		{A1CF4D6E-CAEB-4499-BDB6-549AB16AB7D6}.Release|x64.Build.0 = Release|Any CPU
		{A1CF4D6E-CAEB-4499-BDB6-549AB16AB7D6}.Release|x86.ActiveCfg = Release|Any CPU
		{A1CF4D6E-CAEB-4499-BDB6-549AB16AB7D6}.Release|x86.Build.0 = Release|Any CPU
		{E48783E5-9F5E-4E27-B670-29A2364CEC01}.Debug|Any CPU.ActiveCfg = Debug|Any CPU
		{E48783E5-9F5E-4E27-B670-29A2364CEC01}.Debug|Any CPU.Build.0 = Debug|Any CPU
		{E48783E5-9F5E-4E27-B670-29A2364CEC01}.Debug|x64.ActiveCfg = Debug|Any CPU
		{E48783E5-9F5E-4E27-B670-29A2364CEC01}.Debug|x64.Build.0 = Debug|Any CPU
		{E48783E5-9F5E-4E27-B670-29A2364CEC01}.Debug|x86.ActiveCfg = Debug|Any CPU
		{E48783E5-9F5E-4E27-B670-29A2364CEC01}.Debug|x86.Build.0 = Debug|Any CPU
		{E48783E5-9F5E-4E27-B670-29A2364CEC01}.Release|Any CPU.ActiveCfg = Release|Any CPU
		{E48783E5-9F5E-4E27-B670-29A2364CEC01}.Release|Any CPU.Build.0 = Release|Any CPU
		{E48783E5-9F5E-4E27-B670-29A2364CEC01}.Release|x64.ActiveCfg = Release|Any CPU
		{E48783E5-9F5E-4E27-B670-29A2364CEC01}.Release|x64.Build.0 = Release|Any CPU
		{E48783E5-9F5E-4E27-B670-29A2364CEC01}.Release|x86.ActiveCfg = Release|Any CPU
		{E48783E5-9F5E-4E27-B670-29A2364CEC01}.Release|x86.Build.0 = Release|Any CPU
		{8E7F0EFC-47AE-48AF-9831-249FAD11D468}.Debug|Any CPU.ActiveCfg = Debug|Any CPU
		{8E7F0EFC-47AE-48AF-9831-249FAD11D468}.Debug|Any CPU.Build.0 = Debug|Any CPU
		{8E7F0EFC-47AE-48AF-9831-249FAD11D468}.Debug|x64.ActiveCfg = Debug|Any CPU
		{8E7F0EFC-47AE-48AF-9831-249FAD11D468}.Debug|x64.Build.0 = Debug|Any CPU
		{8E7F0EFC-47AE-48AF-9831-249FAD11D468}.Debug|x86.ActiveCfg = Debug|Any CPU
		{8E7F0EFC-47AE-48AF-9831-249FAD11D468}.Debug|x86.Build.0 = Debug|Any CPU
		{8E7F0EFC-47AE-48AF-9831-249FAD11D468}.Release|Any CPU.ActiveCfg = Release|Any CPU
		{8E7F0EFC-47AE-48AF-9831-249FAD11D468}.Release|Any CPU.Build.0 = Release|Any CPU
		{8E7F0EFC-47AE-48AF-9831-249FAD11D468}.Release|x64.ActiveCfg = Release|Any CPU
		{8E7F0EFC-47AE-48AF-9831-249FAD11D468}.Release|x64.Build.0 = Release|Any CPU
		{8E7F0EFC-47AE-48AF-9831-249FAD11D468}.Release|x86.ActiveCfg = Release|Any CPU
		{8E7F0EFC-47AE-48AF-9831-249FAD11D468}.Release|x86.Build.0 = Release|Any CPU
	EndGlobalSection
	GlobalSection(SolutionProperties) = preSolution
		HideSolutionNode = FALSE
	EndGlobalSection
	GlobalSection(NestedProjects) = preSolution
		{A4311B9C-A263-449D-91C6-24E811D1EA41} = {827E0CD3-B72D-47B6-A68D-7590B98EB39B}
		{03AE3812-A8DF-42B0-8166-B92D44458A23} = {827E0CD3-B72D-47B6-A68D-7590B98EB39B}
		{80AA1D91-0FD8-4812-B0B3-179D8BA015D3} = {0AB3BF05-4346-4AA6-1389-037BE0695223}
		{51F21425-6FDA-4FF5-BE01-6298C736E205} = {0AB3BF05-4346-4AA6-1389-037BE0695223}
		{D9DB35E8-8A9E-4680-918E-8E55456D2377} = {827E0CD3-B72D-47B6-A68D-7590B98EB39B}
		{F7972984-0B6A-4FF5-9DA9-2909374D4E78} = {0AB3BF05-4346-4AA6-1389-037BE0695223}
		{847AF568-39C4-4C15-BD45-05DE4E1604AC} = {827E0CD3-B72D-47B6-A68D-7590B98EB39B}
		{2655490A-CCB6-4F61-852E-34EF8146CDBE} = {827E0CD3-B72D-47B6-A68D-7590B98EB39B}
		{B35192E3-77DA-41EE-9198-2EF639E01FE7} = {827E0CD3-B72D-47B6-A68D-7590B98EB39B}
		{30C03114-63C5-47F7-B70B-95B7C78DFB7F} = {0AB3BF05-4346-4AA6-1389-037BE0695223}
		{2B6DF18F-6A38-452F-AD0A-9CE1EE8BFDF0} = {827E0CD3-B72D-47B6-A68D-7590B98EB39B}
		{836FBBBB-3F5F-4020-8A00-1BB8D4AE30E8} = {0AB3BF05-4346-4AA6-1389-037BE0695223}
		{A1CF4D6E-CAEB-4499-BDB6-549AB16AB7D6} = {827E0CD3-B72D-47B6-A68D-7590B98EB39B}
		{E48783E5-9F5E-4E27-B670-29A2364CEC01} = {827E0CD3-B72D-47B6-A68D-7590B98EB39B}
		{8E7F0EFC-47AE-48AF-9831-249FAD11D468} = {5D20AA90-6969-D8BD-9DCD-8634F4692FDA}
	EndGlobalSection
EndGlobal
